{
  "pins" : [
    {
      "identity" : "expandabletext",
      "kind" : "remoteSourceControl",
      "location" : "https://github.com/NuPlay/ExpandableText",
      "state" : {
        "revision" : "d140b404c6683bb169bb01ef4eeecdb6d9be8fb8",
        "version" : "1.2.0"
      }
    },
    {
      "identity" : "kingfisher",
      "kind" : "remoteSourceControl",
      "location" : "https://github.com/onevcat/Kingfisher.git",
      "state" : {
        "revision" : "b6f62758f21a8c03cd64f4009c037cfa580a256e",
        "version" : "7.9.1"
      }
    },
    {
      "identity" : "m3u8parser",
      "kind" : "remoteSourceControl",
      "location" : "https://github.com/M3U8Kit/M3U8Parser",
      "state" : {
        "revision" : "118469bbb6db6ece3f799b9565a7429c8c377c60",
        "version" : "1.0.2"
      }
    },
    {
      "identity" : "pageview",
      "kind" : "remoteSourceControl",
      "location" : "https://github.com/fredyshox/PageView.git",
      "state" : {
        "revision" : "b70afdef6379006bc91444f144d83ffe4e48f949",
        "version" : "1.5.1"
      }
    },
    {
      "identity" : "swift-snapshot-testing",
      "kind" : "remoteSourceControl",
      "location" : "https://github.com/pointfreeco/swift-snapshot-testing.git",
      "state" : {
        "revision" : "26ed3a2b4a2df47917ca9b790a57f91285b923fb",
        "version" : "1.12.0"
      }
    },
    {
      "identity" : "swiftui-introspect",
      "kind" : "remoteSourceControl",
      "location" : "https://github.com/siteline/swiftui-introspect",
      "state" : {
        "revision" : "121c146fe591b1320238d054ae35c81ffa45f45a",
        "version" : "0.12.0"
      }
    },
    {
      "identity" : "youtube-ios-player-helper",
      "kind" : "remoteSourceControl",
      "location" : "https://github.com/youtube/youtube-ios-player-helper",
      "state" : {
        "revision" : "f57129cd4380ec0a74dd3a59da3270a1d653d59b",
        "version" : "1.0.4"
      }
    }
  ],
  "version" : 2
}
